
Microsoft Visual Studio Solution File, Format Version 12.00
# Visual Studio 14
VisualStudioVersion = 14.0.24720.0
MinimumVisualStudioVersion = 10.0.40219.1
Project("{FAE04EC0-301F-11D3-BF4B-00C04F79EFBC}") = "Facade.Selenium", "Iteris.Selenium\Facade.Selenium.csproj", "{AD181FA3-1920-45F2-B9DB-9F5C9EE69E9C}"
EndProject
Project("{FAE04EC0-301F-11D3-BF4B-00C04F79EFBC}") = "Facade.Selenium.Test", "Iteris.Selenium.Test\Facade.Selenium.Test.csproj", "{704C680C-8007-4957-8A54-49A06219AA33}"
EndProject
Global
	GlobalSection(SolutionConfigurationPlatforms) = preSolution
		Debug|Any CPU = Debug|Any CPU
		Release|Any CPU = Release|Any CPU
	EndGlobalSection
	GlobalSection(ProjectConfigurationPlatforms) = postSolution
		{AD181FA3-1920-45F2-B9DB-9F5C9EE69E9C}.Debug|Any CPU.ActiveCfg = Debug|Any CPU
		{AD181FA3-1920-45F2-B9DB-9F5C9EE69E9C}.Debug|Any CPU.Build.0 = Debug|Any CPU
		{AD181FA3-1920-45F2-B9DB-9F5C9EE69E9C}.Release|Any CPU.ActiveCfg = Release|Any CPU
		{AD181FA3-1920-45F2-B9DB-9F5C9EE69E9C}.Release|Any CPU.Build.0 = Release|Any CPU
		{704C680C-8007-4957-8A54-49A06219AA33}.Debug|Any CPU.ActiveCfg = Debug|Any CPU
		{704C680C-8007-4957-8A54-49A06219AA33}.Debug|Any CPU.Build.0 = Debug|Any CPU
		{704C680C-8007-4957-8A54-49A06219AA33}.Release|Any CPU.ActiveCfg = Release|Any CPU
		{704C680C-8007-4957-8A54-49A06219AA33}.Release|Any CPU.Build.0 = Release|Any CPU
	EndGlobalSection
	GlobalSection(SolutionProperties) = preSolution
		HideSolutionNode = FALSE
	EndGlobalSection
	GlobalSection(TestCaseManagementSettings) = postSolution
		CategoryFile = Selenium.vsmdi
	EndGlobalSection
EndGlobal
